
Microsoft Visual Studio Solution File, Format Version 12.00
# Visual Studio Version 17
VisualStudioVersion = 17.13.35507.96
MinimumVisualStudioVersion = 10.0.40219.1
Project("{FAE04EC0-301F-11D3-BF4B-00C04F79EFBC}") = "Raven.Compiler", "src\Raven.Compiler\Raven.Compiler.csproj", "{86542A48-8C55-453B-BE90-602C5D65B961}"
EndProject
Project("{FAE04EC0-301F-11D3-BF4B-00C04F79EFBC}") = "Raven.CodeAnalysis", "src\Raven.CodeAnalysis\Raven.CodeAnalysis.csproj", "{86EB5E5F-AC83-40FC-8807-A792BF0A8722}"
EndProject
Project("{FAE04EC0-301F-11D3-BF4B-00C04F79EFBC}") = "Raven.CodeAnalysis.Testing", "src\Raven.CodeAnalysis.Testing\Raven.CodeAnalysis.Testing.csproj", "{866A0FDF-413A-4029-8D17-DAA36222C6E9}"
EndProject
Project("{2150E333-8FDC-42A3-9474-1A3956D46DE8}") = "src", "src", "{1BF06D1D-C317-434E-B4AF-1404CDE6D171}"
EndProject
Project("{FAE04EC0-301F-11D3-BF4B-00C04F79EFBC}") = "TestDep", "src\TestDep\TestDep.csproj", "{66F5C404-3BCF-477D-A15A-BB2931331ED9}"
EndProject
Project("{FAE04EC0-301F-11D3-BF4B-00C04F79EFBC}") = "TypeUnionAnalyzer", "src\TypeUnionAnalyzer\TypeUnionAnalyzer.csproj", "{41F21239-74EB-4692-98D2-7771F10CD92E}"
EndProject
Project("{2150E333-8FDC-42A3-9474-1A3956D46DE8}") = "test", "test", "{0C88DD14-F956-CE84-757C-A364CCF449FC}"
EndProject
Project("{FAE04EC0-301F-11D3-BF4B-00C04F79EFBC}") = "ExtensionMethodsFixture", "test\\MetadataFixtures\\ExtensionMethodsFixture\\ExtensionMethodsFixture.csproj", "{AF65CBBC-8270-4BD3-92F5-E46BE4F94299}"
EndProject
Project("{2150E333-8FDC-42A3-9474-1A3956D46DE8}") = "tools", "tools", "{07C2787E-EAC7-C090-1BA3-A61EC2A24D84}"
EndProject
Project("{FAE04EC0-301F-11D3-BF4B-00C04F79EFBC}") = "Raven.CodeAnalysis.Tests", "test\Raven.CodeAnalysis.Tests\Raven.CodeAnalysis.Tests.csproj", "{C2A668DA-9F93-445C-BF79-AD245B758052}"
EndProject
Project("{FAE04EC0-301F-11D3-BF4B-00C04F79EFBC}") = "NodeGenerator", "tools\NodeGenerator\NodeGenerator.csproj", "{4EDDFFC5-68C3-43D3-8700-FDF406F3975B}"
EndProject
Project("{FAE04EC0-301F-11D3-BF4B-00C04F79EFBC}") = "NodesShared", "tools\NodesShared\NodesShared.csproj", "{940275FD-DBA2-410E-BB08-B645B184DEDC}"
EndProject
Project("{FAE04EC0-301F-11D3-BF4B-00C04F79EFBC}") = "BoundNodeGenerator", "tools\BoundNodeGenerator\BoundNodeGenerator.csproj", "{AA227597-B8BC-45A9-9DA9-8E3DF484769D}"
EndProject
Project("{FAE04EC0-301F-11D3-BF4B-00C04F79EFBC}") = "AsyncEntryDiffRunner", "tools\AsyncEntryDiffRunner\AsyncEntryDiffRunner.csproj", "{718B0020-5D42-40D6-A6FA-354337BB3EE9}"
EndProject
Project("{FAE04EC0-301F-11D3-BF4B-00C04F79EFBC}") = "TestApp", "test\TestApp\TestApp.csproj", "{32F44C2B-6639-4D68-9127-EF685C4FFEEA}"
EndProject
Project("{FAE04EC0-301F-11D3-BF4B-00C04F79EFBC}") = "TypeUnionAnalyzer.Tests", "test\TypeUnionAnalyzer.Tests\TypeUnionAnalyzer.Tests.csproj", "{BA1526F3-4525-4658-BA57-AAA630F4F97C}"
EndProject
Project("{FAE04EC0-301F-11D3-BF4B-00C04F79EFBC}") = "Raven.Editor", "src\Raven.Editor\Raven.Editor.csproj", "{2034A721-7A3B-470B-A7D6-8D9EA240048E}"
EndProject
Project("{FAE04EC0-301F-11D3-BF4B-00C04F79EFBC}") = "Raven.CodeAnalysis.Console", "src\Raven.CodeAnalysis.Console\Raven.CodeAnalysis.Console.csproj", "{EA7A08E8-B4F0-471A-A3E9-9ACD8BD4626C}"
EndProject
Project("{FAE04EC0-301F-11D3-BF4B-00C04F79EFBC}") = "DiagnosticsGenerator", "tools\DiagnosticsGenerator\DiagnosticsGenerator.csproj", "{CD99ADB8-043D-4491-990D-B28198C789BF}"
EndProject
Project("{FAE04EC0-301F-11D3-BF4B-00C04F79EFBC}") = "Raven.Editor.Tests", "test\Raven.Editor.Tests\Raven.Editor.Tests.csproj", "{BED97C88-1B21-4A14-9719-7D81A99A67C0}"
EndProject
Project("{FAE04EC0-301F-11D3-BF4B-00C04F79EFBC}") = "Raven.CodeAnalysis.Samples.Tests", "test\Raven.CodeAnalysis.Samples.Tests\Raven.CodeAnalysis.Samples.Tests.csproj", "{1F66F4E5-2395-4D85-9D68-BEF40F894887}"
EndProject
Project("{FAE04EC0-301F-11D3-BF4B-00C04F79EFBC}") = "AsyncEntryDiffRunner.Tests", "test\AsyncEntryDiffRunner.Tests\AsyncEntryDiffRunner.Tests.csproj", "{388E94EF-797A-4187-9CBD-CB009AB30C63}"
EndProject
Project("{FAE04EC0-301F-11D3-BF4B-00C04F79EFBC}") = "Raven.Core", "src\Raven.Core\Raven.Core.csproj", "{B57F74B5-9BA5-4ABC-897E-73CC2C8FFE42}"
EndProject
Project("{FAE04EC0-301F-11D3-BF4B-00C04F79EFBC}") = "Raven.LanguageServer", "src\Raven.LanguageServer\Raven.LanguageServer.csproj", "{853FEEB0-00A8-4E01-9624-2A1E7B823FB8}"
EndProject
Project("{FAE04EC0-301F-11D3-BF4B-00C04F79EFBC}") = "RavenDoc", "src\RavenDoc\RavenDoc.csproj", "{AFD502A3-A0B2-4A02-A7E2-8BE59A0AD7FB}"
EndProject
Global
	GlobalSection(SolutionConfigurationPlatforms) = preSolution
		Debug|Any CPU = Debug|Any CPU
		Debug|x64 = Debug|x64
		Debug|x86 = Debug|x86
		Release|Any CPU = Release|Any CPU
		Release|x64 = Release|x64
		Release|x86 = Release|x86
	EndGlobalSection
	GlobalSection(ProjectConfigurationPlatforms) = postSolution
		{86542A48-8C55-453B-BE90-602C5D65B961}.Debug|Any CPU.ActiveCfg = Debug|Any CPU
		{86542A48-8C55-453B-BE90-602C5D65B961}.Debug|Any CPU.Build.0 = Debug|Any CPU
		{86542A48-8C55-453B-BE90-602C5D65B961}.Debug|x64.ActiveCfg = Debug|Any CPU
		{86542A48-8C55-453B-BE90-602C5D65B961}.Debug|x64.Build.0 = Debug|Any CPU
		{86542A48-8C55-453B-BE90-602C5D65B961}.Debug|x86.ActiveCfg = Debug|Any CPU
		{86542A48-8C55-453B-BE90-602C5D65B961}.Debug|x86.Build.0 = Debug|Any CPU
		{86542A48-8C55-453B-BE90-602C5D65B961}.Release|Any CPU.ActiveCfg = Release|Any CPU
		{86542A48-8C55-453B-BE90-602C5D65B961}.Release|Any CPU.Build.0 = Release|Any CPU
		{86542A48-8C55-453B-BE90-602C5D65B961}.Release|x64.ActiveCfg = Release|Any CPU
		{86542A48-8C55-453B-BE90-602C5D65B961}.Release|x64.Build.0 = Release|Any CPU
		{86542A48-8C55-453B-BE90-602C5D65B961}.Release|x86.ActiveCfg = Release|Any CPU
		{86542A48-8C55-453B-BE90-602C5D65B961}.Release|x86.Build.0 = Release|Any CPU
		{86EB5E5F-AC83-40FC-8807-A792BF0A8722}.Debug|Any CPU.ActiveCfg = Debug|Any CPU
		{86EB5E5F-AC83-40FC-8807-A792BF0A8722}.Debug|Any CPU.Build.0 = Debug|Any CPU
		{86EB5E5F-AC83-40FC-8807-A792BF0A8722}.Debug|x64.ActiveCfg = Debug|Any CPU
		{86EB5E5F-AC83-40FC-8807-A792BF0A8722}.Debug|x64.Build.0 = Debug|Any CPU
		{86EB5E5F-AC83-40FC-8807-A792BF0A8722}.Debug|x86.ActiveCfg = Debug|Any CPU
		{86EB5E5F-AC83-40FC-8807-A792BF0A8722}.Debug|x86.Build.0 = Debug|Any CPU
		{86EB5E5F-AC83-40FC-8807-A792BF0A8722}.Release|Any CPU.ActiveCfg = Release|Any CPU
		{86EB5E5F-AC83-40FC-8807-A792BF0A8722}.Release|Any CPU.Build.0 = Release|Any CPU
		{86EB5E5F-AC83-40FC-8807-A792BF0A8722}.Release|x64.ActiveCfg = Release|Any CPU
		{86EB5E5F-AC83-40FC-8807-A792BF0A8722}.Release|x64.Build.0 = Release|Any CPU
		{86EB5E5F-AC83-40FC-8807-A792BF0A8722}.Release|x86.ActiveCfg = Release|Any CPU
		{86EB5E5F-AC83-40FC-8807-A792BF0A8722}.Release|x86.Build.0 = Release|Any CPU
		{866A0FDF-413A-4029-8D17-DAA36222C6E9}.Debug|Any CPU.ActiveCfg = Debug|Any CPU
		{866A0FDF-413A-4029-8D17-DAA36222C6E9}.Debug|Any CPU.Build.0 = Debug|Any CPU
		{866A0FDF-413A-4029-8D17-DAA36222C6E9}.Debug|x64.ActiveCfg = Debug|Any CPU
		{866A0FDF-413A-4029-8D17-DAA36222C6E9}.Debug|x64.Build.0 = Debug|Any CPU
		{866A0FDF-413A-4029-8D17-DAA36222C6E9}.Debug|x86.ActiveCfg = Debug|Any CPU
		{866A0FDF-413A-4029-8D17-DAA36222C6E9}.Debug|x86.Build.0 = Debug|Any CPU
		{866A0FDF-413A-4029-8D17-DAA36222C6E9}.Release|Any CPU.ActiveCfg = Release|Any CPU
		{866A0FDF-413A-4029-8D17-DAA36222C6E9}.Release|Any CPU.Build.0 = Release|Any CPU
		{866A0FDF-413A-4029-8D17-DAA36222C6E9}.Release|x64.ActiveCfg = Release|Any CPU
		{866A0FDF-413A-4029-8D17-DAA36222C6E9}.Release|x64.Build.0 = Release|Any CPU
		{866A0FDF-413A-4029-8D17-DAA36222C6E9}.Release|x86.ActiveCfg = Release|Any CPU
		{866A0FDF-413A-4029-8D17-DAA36222C6E9}.Release|x86.Build.0 = Release|Any CPU
		{66F5C404-3BCF-477D-A15A-BB2931331ED9}.Debug|Any CPU.ActiveCfg = Debug|Any CPU
		{66F5C404-3BCF-477D-A15A-BB2931331ED9}.Debug|Any CPU.Build.0 = Debug|Any CPU
		{66F5C404-3BCF-477D-A15A-BB2931331ED9}.Debug|x64.ActiveCfg = Debug|Any CPU
		{66F5C404-3BCF-477D-A15A-BB2931331ED9}.Debug|x64.Build.0 = Debug|Any CPU
		{66F5C404-3BCF-477D-A15A-BB2931331ED9}.Debug|x86.ActiveCfg = Debug|Any CPU
		{66F5C404-3BCF-477D-A15A-BB2931331ED9}.Debug|x86.Build.0 = Debug|Any CPU
		{66F5C404-3BCF-477D-A15A-BB2931331ED9}.Release|Any CPU.ActiveCfg = Release|Any CPU
		{66F5C404-3BCF-477D-A15A-BB2931331ED9}.Release|Any CPU.Build.0 = Release|Any CPU
		{66F5C404-3BCF-477D-A15A-BB2931331ED9}.Release|x64.ActiveCfg = Release|Any CPU
		{66F5C404-3BCF-477D-A15A-BB2931331ED9}.Release|x64.Build.0 = Release|Any CPU
		{66F5C404-3BCF-477D-A15A-BB2931331ED9}.Release|x86.ActiveCfg = Release|Any CPU
		{66F5C404-3BCF-477D-A15A-BB2931331ED9}.Release|x86.Build.0 = Release|Any CPU
		{41F21239-74EB-4692-98D2-7771F10CD92E}.Debug|Any CPU.ActiveCfg = Debug|Any CPU
		{41F21239-74EB-4692-98D2-7771F10CD92E}.Debug|Any CPU.Build.0 = Debug|Any CPU
		{41F21239-74EB-4692-98D2-7771F10CD92E}.Debug|x64.ActiveCfg = Debug|Any CPU
		{41F21239-74EB-4692-98D2-7771F10CD92E}.Debug|x64.Build.0 = Debug|Any CPU
		{41F21239-74EB-4692-98D2-7771F10CD92E}.Debug|x86.ActiveCfg = Debug|Any CPU
		{41F21239-74EB-4692-98D2-7771F10CD92E}.Debug|x86.Build.0 = Debug|Any CPU
		{41F21239-74EB-4692-98D2-7771F10CD92E}.Release|Any CPU.ActiveCfg = Release|Any CPU
		{41F21239-74EB-4692-98D2-7771F10CD92E}.Release|Any CPU.Build.0 = Release|Any CPU
		{41F21239-74EB-4692-98D2-7771F10CD92E}.Release|x64.ActiveCfg = Release|Any CPU
		{41F21239-74EB-4692-98D2-7771F10CD92E}.Release|x64.Build.0 = Release|Any CPU
		{41F21239-74EB-4692-98D2-7771F10CD92E}.Release|x86.ActiveCfg = Release|Any CPU
		{41F21239-74EB-4692-98D2-7771F10CD92E}.Release|x86.Build.0 = Release|Any CPU
		{AF65CBBC-8270-4BD3-92F5-E46BE4F94299}.Debug|Any CPU.ActiveCfg = Debug|Any CPU
		{AF65CBBC-8270-4BD3-92F5-E46BE4F94299}.Debug|Any CPU.Build.0 = Debug|Any CPU
		{AF65CBBC-8270-4BD3-92F5-E46BE4F94299}.Debug|x64.ActiveCfg = Debug|Any CPU
		{AF65CBBC-8270-4BD3-92F5-E46BE4F94299}.Debug|x64.Build.0 = Debug|Any CPU
		{AF65CBBC-8270-4BD3-92F5-E46BE4F94299}.Debug|x86.ActiveCfg = Debug|Any CPU
		{AF65CBBC-8270-4BD3-92F5-E46BE4F94299}.Debug|x86.Build.0 = Debug|Any CPU
		{AF65CBBC-8270-4BD3-92F5-E46BE4F94299}.Release|Any CPU.ActiveCfg = Release|Any CPU
		{AF65CBBC-8270-4BD3-92F5-E46BE4F94299}.Release|Any CPU.Build.0 = Release|Any CPU
		{AF65CBBC-8270-4BD3-92F5-E46BE4F94299}.Release|x64.ActiveCfg = Release|Any CPU
		{AF65CBBC-8270-4BD3-92F5-E46BE4F94299}.Release|x64.Build.0 = Release|Any CPU
		{AF65CBBC-8270-4BD3-92F5-E46BE4F94299}.Release|x86.ActiveCfg = Release|Any CPU
		{AF65CBBC-8270-4BD3-92F5-E46BE4F94299}.Release|x86.Build.0 = Release|Any CPU
		{C2A668DA-9F93-445C-BF79-AD245B758052}.Debug|Any CPU.ActiveCfg = Debug|Any CPU
		{C2A668DA-9F93-445C-BF79-AD245B758052}.Debug|Any CPU.Build.0 = Debug|Any CPU
		{C2A668DA-9F93-445C-BF79-AD245B758052}.Debug|x64.ActiveCfg = Debug|Any CPU
		{C2A668DA-9F93-445C-BF79-AD245B758052}.Debug|x64.Build.0 = Debug|Any CPU
		{C2A668DA-9F93-445C-BF79-AD245B758052}.Debug|x86.ActiveCfg = Debug|Any CPU
		{C2A668DA-9F93-445C-BF79-AD245B758052}.Debug|x86.Build.0 = Debug|Any CPU
		{C2A668DA-9F93-445C-BF79-AD245B758052}.Release|Any CPU.ActiveCfg = Release|Any CPU
		{C2A668DA-9F93-445C-BF79-AD245B758052}.Release|Any CPU.Build.0 = Release|Any CPU
		{C2A668DA-9F93-445C-BF79-AD245B758052}.Release|x64.ActiveCfg = Release|Any CPU
		{C2A668DA-9F93-445C-BF79-AD245B758052}.Release|x64.Build.0 = Release|Any CPU
		{C2A668DA-9F93-445C-BF79-AD245B758052}.Release|x86.ActiveCfg = Release|Any CPU
		{C2A668DA-9F93-445C-BF79-AD245B758052}.Release|x86.Build.0 = Release|Any CPU
		{4EDDFFC5-68C3-43D3-8700-FDF406F3975B}.Debug|Any CPU.ActiveCfg = Debug|Any CPU
		{4EDDFFC5-68C3-43D3-8700-FDF406F3975B}.Debug|Any CPU.Build.0 = Debug|Any CPU
		{4EDDFFC5-68C3-43D3-8700-FDF406F3975B}.Debug|x64.ActiveCfg = Debug|Any CPU
		{4EDDFFC5-68C3-43D3-8700-FDF406F3975B}.Debug|x64.Build.0 = Debug|Any CPU
		{4EDDFFC5-68C3-43D3-8700-FDF406F3975B}.Debug|x86.ActiveCfg = Debug|Any CPU
		{4EDDFFC5-68C3-43D3-8700-FDF406F3975B}.Debug|x86.Build.0 = Debug|Any CPU
		{4EDDFFC5-68C3-43D3-8700-FDF406F3975B}.Release|Any CPU.ActiveCfg = Release|Any CPU
		{4EDDFFC5-68C3-43D3-8700-FDF406F3975B}.Release|Any CPU.Build.0 = Release|Any CPU
		{4EDDFFC5-68C3-43D3-8700-FDF406F3975B}.Release|x64.ActiveCfg = Release|Any CPU
		{4EDDFFC5-68C3-43D3-8700-FDF406F3975B}.Release|x64.Build.0 = Release|Any CPU
		{4EDDFFC5-68C3-43D3-8700-FDF406F3975B}.Release|x86.ActiveCfg = Release|Any CPU
		{4EDDFFC5-68C3-43D3-8700-FDF406F3975B}.Release|x86.Build.0 = Release|Any CPU
		{940275FD-DBA2-410E-BB08-B645B184DEDC}.Debug|Any CPU.ActiveCfg = Debug|Any CPU
		{940275FD-DBA2-410E-BB08-B645B184DEDC}.Debug|Any CPU.Build.0 = Debug|Any CPU
		{940275FD-DBA2-410E-BB08-B645B184DEDC}.Debug|x64.ActiveCfg = Debug|Any CPU
		{940275FD-DBA2-410E-BB08-B645B184DEDC}.Debug|x64.Build.0 = Debug|Any CPU
		{940275FD-DBA2-410E-BB08-B645B184DEDC}.Debug|x86.ActiveCfg = Debug|Any CPU
		{940275FD-DBA2-410E-BB08-B645B184DEDC}.Debug|x86.Build.0 = Debug|Any CPU
		{940275FD-DBA2-410E-BB08-B645B184DEDC}.Release|Any CPU.ActiveCfg = Release|Any CPU
		{940275FD-DBA2-410E-BB08-B645B184DEDC}.Release|Any CPU.Build.0 = Release|Any CPU
		{940275FD-DBA2-410E-BB08-B645B184DEDC}.Release|x64.ActiveCfg = Release|Any CPU
		{940275FD-DBA2-410E-BB08-B645B184DEDC}.Release|x64.Build.0 = Release|Any CPU
		{940275FD-DBA2-410E-BB08-B645B184DEDC}.Release|x86.ActiveCfg = Release|Any CPU
		{940275FD-DBA2-410E-BB08-B645B184DEDC}.Release|x86.Build.0 = Release|Any CPU
		{AA227597-B8BC-45A9-9DA9-8E3DF484769D}.Debug|Any CPU.ActiveCfg = Debug|Any CPU
		{AA227597-B8BC-45A9-9DA9-8E3DF484769D}.Debug|Any CPU.Build.0 = Debug|Any CPU
		{AA227597-B8BC-45A9-9DA9-8E3DF484769D}.Debug|x64.ActiveCfg = Debug|Any CPU
		{AA227597-B8BC-45A9-9DA9-8E3DF484769D}.Debug|x64.Build.0 = Debug|Any CPU
		{AA227597-B8BC-45A9-9DA9-8E3DF484769D}.Debug|x86.ActiveCfg = Debug|Any CPU
		{AA227597-B8BC-45A9-9DA9-8E3DF484769D}.Debug|x86.Build.0 = Debug|Any CPU
		{AA227597-B8BC-45A9-9DA9-8E3DF484769D}.Release|Any CPU.ActiveCfg = Release|Any CPU
		{AA227597-B8BC-45A9-9DA9-8E3DF484769D}.Release|Any CPU.Build.0 = Release|Any CPU
		{AA227597-B8BC-45A9-9DA9-8E3DF484769D}.Release|x64.ActiveCfg = Release|Any CPU
		{AA227597-B8BC-45A9-9DA9-8E3DF484769D}.Release|x64.Build.0 = Release|Any CPU
		{AA227597-B8BC-45A9-9DA9-8E3DF484769D}.Release|x86.ActiveCfg = Release|Any CPU
		{AA227597-B8BC-45A9-9DA9-8E3DF484769D}.Release|x86.Build.0 = Release|Any CPU
		{718B0020-5D42-40D6-A6FA-354337BB3EE9}.Debug|Any CPU.ActiveCfg = Debug|Any CPU
		{718B0020-5D42-40D6-A6FA-354337BB3EE9}.Debug|Any CPU.Build.0 = Debug|Any CPU
		{718B0020-5D42-40D6-A6FA-354337BB3EE9}.Debug|x64.ActiveCfg = Debug|Any CPU
		{718B0020-5D42-40D6-A6FA-354337BB3EE9}.Debug|x64.Build.0 = Debug|Any CPU
		{718B0020-5D42-40D6-A6FA-354337BB3EE9}.Debug|x86.ActiveCfg = Debug|Any CPU
		{718B0020-5D42-40D6-A6FA-354337BB3EE9}.Debug|x86.Build.0 = Debug|Any CPU
		{718B0020-5D42-40D6-A6FA-354337BB3EE9}.Release|Any CPU.ActiveCfg = Release|Any CPU
		{718B0020-5D42-40D6-A6FA-354337BB3EE9}.Release|Any CPU.Build.0 = Release|Any CPU
		{718B0020-5D42-40D6-A6FA-354337BB3EE9}.Release|x64.ActiveCfg = Release|Any CPU
		{718B0020-5D42-40D6-A6FA-354337BB3EE9}.Release|x64.Build.0 = Release|Any CPU
		{718B0020-5D42-40D6-A6FA-354337BB3EE9}.Release|x86.ActiveCfg = Release|Any CPU
		{718B0020-5D42-40D6-A6FA-354337BB3EE9}.Release|x86.Build.0 = Release|Any CPU
		{32F44C2B-6639-4D68-9127-EF685C4FFEEA}.Debug|Any CPU.ActiveCfg = Debug|Any CPU
		{32F44C2B-6639-4D68-9127-EF685C4FFEEA}.Debug|Any CPU.Build.0 = Debug|Any CPU
		{32F44C2B-6639-4D68-9127-EF685C4FFEEA}.Debug|x64.ActiveCfg = Debug|Any CPU
		{32F44C2B-6639-4D68-9127-EF685C4FFEEA}.Debug|x64.Build.0 = Debug|Any CPU
		{32F44C2B-6639-4D68-9127-EF685C4FFEEA}.Debug|x86.ActiveCfg = Debug|Any CPU
		{32F44C2B-6639-4D68-9127-EF685C4FFEEA}.Debug|x86.Build.0 = Debug|Any CPU
		{32F44C2B-6639-4D68-9127-EF685C4FFEEA}.Release|Any CPU.ActiveCfg = Release|Any CPU
		{32F44C2B-6639-4D68-9127-EF685C4FFEEA}.Release|Any CPU.Build.0 = Release|Any CPU
		{32F44C2B-6639-4D68-9127-EF685C4FFEEA}.Release|x64.ActiveCfg = Release|Any CPU
		{32F44C2B-6639-4D68-9127-EF685C4FFEEA}.Release|x64.Build.0 = Release|Any CPU
		{32F44C2B-6639-4D68-9127-EF685C4FFEEA}.Release|x86.ActiveCfg = Release|Any CPU
		{32F44C2B-6639-4D68-9127-EF685C4FFEEA}.Release|x86.Build.0 = Release|Any CPU
		{BA1526F3-4525-4658-BA57-AAA630F4F97C}.Debug|Any CPU.ActiveCfg = Debug|Any CPU
		{BA1526F3-4525-4658-BA57-AAA630F4F97C}.Debug|Any CPU.Build.0 = Debug|Any CPU
		{BA1526F3-4525-4658-BA57-AAA630F4F97C}.Debug|x64.ActiveCfg = Debug|Any CPU
		{BA1526F3-4525-4658-BA57-AAA630F4F97C}.Debug|x64.Build.0 = Debug|Any CPU
		{BA1526F3-4525-4658-BA57-AAA630F4F97C}.Debug|x86.ActiveCfg = Debug|Any CPU
		{BA1526F3-4525-4658-BA57-AAA630F4F97C}.Debug|x86.Build.0 = Debug|Any CPU
		{BA1526F3-4525-4658-BA57-AAA630F4F97C}.Release|Any CPU.ActiveCfg = Release|Any CPU
		{BA1526F3-4525-4658-BA57-AAA630F4F97C}.Release|Any CPU.Build.0 = Release|Any CPU
		{BA1526F3-4525-4658-BA57-AAA630F4F97C}.Release|x64.ActiveCfg = Release|Any CPU
		{BA1526F3-4525-4658-BA57-AAA630F4F97C}.Release|x64.Build.0 = Release|Any CPU
		{BA1526F3-4525-4658-BA57-AAA630F4F97C}.Release|x86.ActiveCfg = Release|Any CPU
		{BA1526F3-4525-4658-BA57-AAA630F4F97C}.Release|x86.Build.0 = Release|Any CPU
		{2034A721-7A3B-470B-A7D6-8D9EA240048E}.Debug|Any CPU.ActiveCfg = Debug|Any CPU
		{2034A721-7A3B-470B-A7D6-8D9EA240048E}.Debug|Any CPU.Build.0 = Debug|Any CPU
		{2034A721-7A3B-470B-A7D6-8D9EA240048E}.Debug|x64.ActiveCfg = Debug|Any CPU
		{2034A721-7A3B-470B-A7D6-8D9EA240048E}.Debug|x64.Build.0 = Debug|Any CPU
		{2034A721-7A3B-470B-A7D6-8D9EA240048E}.Debug|x86.ActiveCfg = Debug|Any CPU
		{2034A721-7A3B-470B-A7D6-8D9EA240048E}.Debug|x86.Build.0 = Debug|Any CPU
		{2034A721-7A3B-470B-A7D6-8D9EA240048E}.Release|Any CPU.ActiveCfg = Release|Any CPU
		{2034A721-7A3B-470B-A7D6-8D9EA240048E}.Release|Any CPU.Build.0 = Release|Any CPU
		{2034A721-7A3B-470B-A7D6-8D9EA240048E}.Release|x64.ActiveCfg = Release|Any CPU
		{2034A721-7A3B-470B-A7D6-8D9EA240048E}.Release|x64.Build.0 = Release|Any CPU
		{2034A721-7A3B-470B-A7D6-8D9EA240048E}.Release|x86.ActiveCfg = Release|Any CPU
		{2034A721-7A3B-470B-A7D6-8D9EA240048E}.Release|x86.Build.0 = Release|Any CPU
		{EA7A08E8-B4F0-471A-A3E9-9ACD8BD4626C}.Debug|Any CPU.ActiveCfg = Debug|Any CPU
		{EA7A08E8-B4F0-471A-A3E9-9ACD8BD4626C}.Debug|Any CPU.Build.0 = Debug|Any CPU
		{EA7A08E8-B4F0-471A-A3E9-9ACD8BD4626C}.Debug|x64.ActiveCfg = Debug|Any CPU
		{EA7A08E8-B4F0-471A-A3E9-9ACD8BD4626C}.Debug|x64.Build.0 = Debug|Any CPU
		{EA7A08E8-B4F0-471A-A3E9-9ACD8BD4626C}.Debug|x86.ActiveCfg = Debug|Any CPU
		{EA7A08E8-B4F0-471A-A3E9-9ACD8BD4626C}.Debug|x86.Build.0 = Debug|Any CPU
		{EA7A08E8-B4F0-471A-A3E9-9ACD8BD4626C}.Release|Any CPU.ActiveCfg = Release|Any CPU
		{EA7A08E8-B4F0-471A-A3E9-9ACD8BD4626C}.Release|Any CPU.Build.0 = Release|Any CPU
		{EA7A08E8-B4F0-471A-A3E9-9ACD8BD4626C}.Release|x64.ActiveCfg = Release|Any CPU
		{EA7A08E8-B4F0-471A-A3E9-9ACD8BD4626C}.Release|x64.Build.0 = Release|Any CPU
		{EA7A08E8-B4F0-471A-A3E9-9ACD8BD4626C}.Release|x86.ActiveCfg = Release|Any CPU
		{EA7A08E8-B4F0-471A-A3E9-9ACD8BD4626C}.Release|x86.Build.0 = Release|Any CPU
		{CD99ADB8-043D-4491-990D-B28198C789BF}.Debug|Any CPU.ActiveCfg = Debug|Any CPU
		{CD99ADB8-043D-4491-990D-B28198C789BF}.Debug|Any CPU.Build.0 = Debug|Any CPU
		{CD99ADB8-043D-4491-990D-B28198C789BF}.Debug|x64.ActiveCfg = Debug|Any CPU
		{CD99ADB8-043D-4491-990D-B28198C789BF}.Debug|x64.Build.0 = Debug|Any CPU
		{CD99ADB8-043D-4491-990D-B28198C789BF}.Debug|x86.ActiveCfg = Debug|Any CPU
		{CD99ADB8-043D-4491-990D-B28198C789BF}.Debug|x86.Build.0 = Debug|Any CPU
		{CD99ADB8-043D-4491-990D-B28198C789BF}.Release|Any CPU.ActiveCfg = Release|Any CPU
		{CD99ADB8-043D-4491-990D-B28198C789BF}.Release|Any CPU.Build.0 = Release|Any CPU
		{CD99ADB8-043D-4491-990D-B28198C789BF}.Release|x64.ActiveCfg = Release|Any CPU
		{CD99ADB8-043D-4491-990D-B28198C789BF}.Release|x64.Build.0 = Release|Any CPU
		{CD99ADB8-043D-4491-990D-B28198C789BF}.Release|x86.ActiveCfg = Release|Any CPU
		{CD99ADB8-043D-4491-990D-B28198C789BF}.Release|x86.Build.0 = Release|Any CPU
		{BED97C88-1B21-4A14-9719-7D81A99A67C0}.Debug|Any CPU.ActiveCfg = Debug|Any CPU
		{BED97C88-1B21-4A14-9719-7D81A99A67C0}.Debug|Any CPU.Build.0 = Debug|Any CPU
		{BED97C88-1B21-4A14-9719-7D81A99A67C0}.Debug|x64.ActiveCfg = Debug|Any CPU
		{BED97C88-1B21-4A14-9719-7D81A99A67C0}.Debug|x64.Build.0 = Debug|Any CPU
		{BED97C88-1B21-4A14-9719-7D81A99A67C0}.Debug|x86.ActiveCfg = Debug|Any CPU
		{BED97C88-1B21-4A14-9719-7D81A99A67C0}.Debug|x86.Build.0 = Debug|Any CPU
		{BED97C88-1B21-4A14-9719-7D81A99A67C0}.Release|Any CPU.ActiveCfg = Release|Any CPU
		{BED97C88-1B21-4A14-9719-7D81A99A67C0}.Release|Any CPU.Build.0 = Release|Any CPU
		{BED97C88-1B21-4A14-9719-7D81A99A67C0}.Release|x64.ActiveCfg = Release|Any CPU
		{BED97C88-1B21-4A14-9719-7D81A99A67C0}.Release|x64.Build.0 = Release|Any CPU
		{BED97C88-1B21-4A14-9719-7D81A99A67C0}.Release|x86.ActiveCfg = Release|Any CPU
		{BED97C88-1B21-4A14-9719-7D81A99A67C0}.Release|x86.Build.0 = Release|Any CPU
		{1F66F4E5-2395-4D85-9D68-BEF40F894887}.Debug|Any CPU.ActiveCfg = Debug|Any CPU
		{1F66F4E5-2395-4D85-9D68-BEF40F894887}.Debug|Any CPU.Build.0 = Debug|Any CPU
		{1F66F4E5-2395-4D85-9D68-BEF40F894887}.Debug|x64.ActiveCfg = Debug|Any CPU
		{1F66F4E5-2395-4D85-9D68-BEF40F894887}.Debug|x64.Build.0 = Debug|Any CPU
		{1F66F4E5-2395-4D85-9D68-BEF40F894887}.Debug|x86.ActiveCfg = Debug|Any CPU
		{1F66F4E5-2395-4D85-9D68-BEF40F894887}.Debug|x86.Build.0 = Debug|Any CPU
		{1F66F4E5-2395-4D85-9D68-BEF40F894887}.Release|Any CPU.ActiveCfg = Release|Any CPU
		{1F66F4E5-2395-4D85-9D68-BEF40F894887}.Release|Any CPU.Build.0 = Release|Any CPU
		{1F66F4E5-2395-4D85-9D68-BEF40F894887}.Release|x64.ActiveCfg = Release|Any CPU
		{1F66F4E5-2395-4D85-9D68-BEF40F894887}.Release|x64.Build.0 = Release|Any CPU
		{1F66F4E5-2395-4D85-9D68-BEF40F894887}.Release|x86.ActiveCfg = Release|Any CPU
		{1F66F4E5-2395-4D85-9D68-BEF40F894887}.Release|x86.Build.0 = Release|Any CPU
		{388E94EF-797A-4187-9CBD-CB009AB30C63}.Debug|Any CPU.ActiveCfg = Debug|Any CPU
		{388E94EF-797A-4187-9CBD-CB009AB30C63}.Debug|Any CPU.Build.0 = Debug|Any CPU
		{388E94EF-797A-4187-9CBD-CB009AB30C63}.Debug|x64.ActiveCfg = Debug|Any CPU
		{388E94EF-797A-4187-9CBD-CB009AB30C63}.Debug|x64.Build.0 = Debug|Any CPU
		{388E94EF-797A-4187-9CBD-CB009AB30C63}.Debug|x86.ActiveCfg = Debug|Any CPU
		{388E94EF-797A-4187-9CBD-CB009AB30C63}.Debug|x86.Build.0 = Debug|Any CPU
		{388E94EF-797A-4187-9CBD-CB009AB30C63}.Release|Any CPU.ActiveCfg = Release|Any CPU
		{388E94EF-797A-4187-9CBD-CB009AB30C63}.Release|Any CPU.Build.0 = Release|Any CPU
		{388E94EF-797A-4187-9CBD-CB009AB30C63}.Release|x64.ActiveCfg = Release|Any CPU
		{388E94EF-797A-4187-9CBD-CB009AB30C63}.Release|x64.Build.0 = Release|Any CPU
		{388E94EF-797A-4187-9CBD-CB009AB30C63}.Release|x86.ActiveCfg = Release|Any CPU
		{388E94EF-797A-4187-9CBD-CB009AB30C63}.Release|x86.Build.0 = Release|Any CPU
		{B57F74B5-9BA5-4ABC-897E-73CC2C8FFE42}.Debug|Any CPU.ActiveCfg = Debug|Any CPU
		{B57F74B5-9BA5-4ABC-897E-73CC2C8FFE42}.Debug|Any CPU.Build.0 = Debug|Any CPU
		{B57F74B5-9BA5-4ABC-897E-73CC2C8FFE42}.Debug|x64.ActiveCfg = Debug|Any CPU
		{B57F74B5-9BA5-4ABC-897E-73CC2C8FFE42}.Debug|x64.Build.0 = Debug|Any CPU
		{B57F74B5-9BA5-4ABC-897E-73CC2C8FFE42}.Debug|x86.ActiveCfg = Debug|Any CPU
		{B57F74B5-9BA5-4ABC-897E-73CC2C8FFE42}.Debug|x86.Build.0 = Debug|Any CPU
		{B57F74B5-9BA5-4ABC-897E-73CC2C8FFE42}.Release|Any CPU.ActiveCfg = Release|Any CPU
		{B57F74B5-9BA5-4ABC-897E-73CC2C8FFE42}.Release|Any CPU.Build.0 = Release|Any CPU
		{B57F74B5-9BA5-4ABC-897E-73CC2C8FFE42}.Release|x64.ActiveCfg = Release|Any CPU
		{B57F74B5-9BA5-4ABC-897E-73CC2C8FFE42}.Release|x64.Build.0 = Release|Any CPU
		{B57F74B5-9BA5-4ABC-897E-73CC2C8FFE42}.Release|x86.ActiveCfg = Release|Any CPU
		{B57F74B5-9BA5-4ABC-897E-73CC2C8FFE42}.Release|x86.Build.0 = Release|Any CPU
		{853FEEB0-00A8-4E01-9624-2A1E7B823FB8}.Debug|Any CPU.ActiveCfg = Debug|Any CPU
		{853FEEB0-00A8-4E01-9624-2A1E7B823FB8}.Debug|Any CPU.Build.0 = Debug|Any CPU
		{853FEEB0-00A8-4E01-9624-2A1E7B823FB8}.Debug|x64.ActiveCfg = Debug|Any CPU
		{853FEEB0-00A8-4E01-9624-2A1E7B823FB8}.Debug|x64.Build.0 = Debug|Any CPU
		{853FEEB0-00A8-4E01-9624-2A1E7B823FB8}.Debug|x86.ActiveCfg = Debug|Any CPU
		{853FEEB0-00A8-4E01-9624-2A1E7B823FB8}.Debug|x86.Build.0 = Debug|Any CPU
		{853FEEB0-00A8-4E01-9624-2A1E7B823FB8}.Release|Any CPU.ActiveCfg = Release|Any CPU
		{853FEEB0-00A8-4E01-9624-2A1E7B823FB8}.Release|Any CPU.Build.0 = Release|Any CPU
		{853FEEB0-00A8-4E01-9624-2A1E7B823FB8}.Release|x64.ActiveCfg = Release|Any CPU
		{853FEEB0-00A8-4E01-9624-2A1E7B823FB8}.Release|x64.Build.0 = Release|Any CPU
		{853FEEB0-00A8-4E01-9624-2A1E7B823FB8}.Release|x86.ActiveCfg = Release|Any CPU
		{853FEEB0-00A8-4E01-9624-2A1E7B823FB8}.Release|x86.Build.0 = Release|Any CPU
		{AFD502A3-A0B2-4A02-A7E2-8BE59A0AD7FB}.Debug|Any CPU.ActiveCfg = Debug|Any CPU
		{AFD502A3-A0B2-4A02-A7E2-8BE59A0AD7FB}.Debug|Any CPU.Build.0 = Debug|Any CPU
		{AFD502A3-A0B2-4A02-A7E2-8BE59A0AD7FB}.Debug|x64.ActiveCfg = Debug|Any CPU
		{AFD502A3-A0B2-4A02-A7E2-8BE59A0AD7FB}.Debug|x64.Build.0 = Debug|Any CPU
		{AFD502A3-A0B2-4A02-A7E2-8BE59A0AD7FB}.Debug|x86.ActiveCfg = Debug|Any CPU
		{AFD502A3-A0B2-4A02-A7E2-8BE59A0AD7FB}.Debug|x86.Build.0 = Debug|Any CPU
		{AFD502A3-A0B2-4A02-A7E2-8BE59A0AD7FB}.Release|Any CPU.ActiveCfg = Release|Any CPU
		{AFD502A3-A0B2-4A02-A7E2-8BE59A0AD7FB}.Release|Any CPU.Build.0 = Release|Any CPU
		{AFD502A3-A0B2-4A02-A7E2-8BE59A0AD7FB}.Release|x64.ActiveCfg = Release|Any CPU
		{AFD502A3-A0B2-4A02-A7E2-8BE59A0AD7FB}.Release|x64.Build.0 = Release|Any CPU
		{AFD502A3-A0B2-4A02-A7E2-8BE59A0AD7FB}.Release|x86.ActiveCfg = Release|Any CPU
		{AFD502A3-A0B2-4A02-A7E2-8BE59A0AD7FB}.Release|x86.Build.0 = Release|Any CPU
	EndGlobalSection
	GlobalSection(SolutionProperties) = preSolution
		HideSolutionNode = FALSE
	EndGlobalSection
	GlobalSection(NestedProjects) = preSolution
		{86542A48-8C55-453B-BE90-602C5D65B961} = {1BF06D1D-C317-434E-B4AF-1404CDE6D171}
		{86EB5E5F-AC83-40FC-8807-A792BF0A8722} = {1BF06D1D-C317-434E-B4AF-1404CDE6D171}
		{866A0FDF-413A-4029-8D17-DAA36222C6E9} = {1BF06D1D-C317-434E-B4AF-1404CDE6D171}
		{66F5C404-3BCF-477D-A15A-BB2931331ED9} = {1BF06D1D-C317-434E-B4AF-1404CDE6D171}
		{41F21239-74EB-4692-98D2-7771F10CD92E} = {1BF06D1D-C317-434E-B4AF-1404CDE6D171}
		{C2A668DA-9F93-445C-BF79-AD245B758052} = {0C88DD14-F956-CE84-757C-A364CCF449FC}
		{4EDDFFC5-68C3-43D3-8700-FDF406F3975B} = {07C2787E-EAC7-C090-1BA3-A61EC2A24D84}
		{940275FD-DBA2-410E-BB08-B645B184DEDC} = {07C2787E-EAC7-C090-1BA3-A61EC2A24D84}
		{AA227597-B8BC-45A9-9DA9-8E3DF484769D} = {07C2787E-EAC7-C090-1BA3-A61EC2A24D84}
		{32F44C2B-6639-4D68-9127-EF685C4FFEEA} = {0C88DD14-F956-CE84-757C-A364CCF449FC}
		{BA1526F3-4525-4658-BA57-AAA630F4F97C} = {0C88DD14-F956-CE84-757C-A364CCF449FC}
		{2034A721-7A3B-470B-A7D6-8D9EA240048E} = {1BF06D1D-C317-434E-B4AF-1404CDE6D171}
		{EA7A08E8-B4F0-471A-A3E9-9ACD8BD4626C} = {1BF06D1D-C317-434E-B4AF-1404CDE6D171}
		{CD99ADB8-043D-4491-990D-B28198C789BF} = {07C2787E-EAC7-C090-1BA3-A61EC2A24D84}
		{BED97C88-1B21-4A14-9719-7D81A99A67C0} = {0C88DD14-F956-CE84-757C-A364CCF449FC}
		{1F66F4E5-2395-4D85-9D68-BEF40F894887} = {0C88DD14-F956-CE84-757C-A364CCF449FC}
		{388E94EF-797A-4187-9CBD-CB009AB30C63} = {0C88DD14-F956-CE84-757C-A364CCF449FC}
		{B57F74B5-9BA5-4ABC-897E-73CC2C8FFE42} = {1BF06D1D-C317-434E-B4AF-1404CDE6D171}
		{853FEEB0-00A8-4E01-9624-2A1E7B823FB8} = {1BF06D1D-C317-434E-B4AF-1404CDE6D171}
		{AFD502A3-A0B2-4A02-A7E2-8BE59A0AD7FB} = {1BF06D1D-C317-434E-B4AF-1404CDE6D171}
	EndGlobalSection
	GlobalSection(ExtensibilityGlobals) = postSolution
		SolutionGuid = {083D8FC4-3D3B-476A-AF17-77AC247C299F}
	EndGlobalSection
EndGlobal
